
Microsoft Visual Studio Solution File, Format Version 12.00
# Visual Studio 14
VisualStudioVersion = 14.0.22823.1
MinimumVisualStudioVersion = 10.0.40219.1
Project("{2150E333-8FDC-42A3-9474-1A3956D46DE8}") = "src", "src", "{F9A3C02A-E2EB-4FC8-A409-C8264DF00CA0}"
EndProject
Project("{2150E333-8FDC-42A3-9474-1A3956D46DE8}") = "Solution Items", "Solution Items", "{89E7D47B-B91F-4ECF-9560-0547A31C82EF}"
	ProjectSection(SolutionItems) = preProject
		global.json = global.json
	EndProjectSection
EndProject
Project("{8BB2217D-0F2D-49D1-97BC-3654ED321F3B}") = "WebApplication1", "src\WebApplication1\WebApplication1.xproj", "{37FCCB0E-36CC-4195-82AC-E4F96ACF632B}"
EndProject
Global
	GlobalSection(SolutionConfigurationPlatforms) = preSolution
		Debug|Any CPU = Debug|Any CPU
		Release|Any CPU = Release|Any CPU
	EndGlobalSection
	GlobalSection(ProjectConfigurationPlatforms) = postSolution
		{37FCCB0E-36CC-4195-82AC-E4F96ACF632B}.Debug|Any CPU.ActiveCfg = Debug|Any CPU
		{37FCCB0E-36CC-4195-82AC-E4F96ACF632B}.Debug|Any CPU.Build.0 = Debug|Any CPU
		{37FCCB0E-36CC-4195-82AC-E4F96ACF632B}.Release|Any CPU.ActiveCfg = Release|Any CPU
		{37FCCB0E-36CC-4195-82AC-E4F96ACF632B}.Release|Any CPU.Build.0 = Release|Any CPU
	EndGlobalSection
	GlobalSection(SolutionProperties) = preSolution
		HideSolutionNode = FALSE
	EndGlobalSection
	GlobalSection(NestedProjects) = preSolution
		{37FCCB0E-36CC-4195-82AC-E4F96ACF632B} = {F9A3C02A-E2EB-4FC8-A409-C8264DF00CA0}
	EndGlobalSection
EndGlobal
